// !$*UTF8*$!
{
	archiveVersion = 1;
	classes = {
	};
	objectVersion = 55;
	objects = {

/* Begin PBXBuildFile section */
		4A20742A2752060100D51FAF /* QuizApp.swift in Sources */ = {isa = PBXBuildFile; fileRef = 4A2074292752060100D51FAF /* QuizApp.swift */; };
		4A20742C2752060100D51FAF /* ContentView.swift in Sources */ = {isa = PBXBuildFile; fileRef = 4A20742B2752060100D51FAF /* ContentView.swift */; };
		4A20742E2752060600D51FAF /* Assets.xcassets in Resources */ = {isa = PBXBuildFile; fileRef = 4A20742D2752060600D51FAF /* Assets.xcassets */; };
		4A2074312752060600D51FAF /* Preview Assets.xcassets in Resources */ = {isa = PBXBuildFile; fileRef = 4A2074302752060600D51FAF /* Preview Assets.xcassets */; };
		4A2074392752189700D51FAF /* CardView.swift in Sources */ = {isa = PBXBuildFile; fileRef = 4A2074382752189700D51FAF /* CardView.swift */; };
		4A20743B275219FA00D51FAF /* CardFront.swift in Sources */ = {isa = PBXBuildFile; fileRef = 4A20743A275219FA00D51FAF /* CardFront.swift */; };
		4A20743D27521A0100D51FAF /* CardBack.swift in Sources */ = {isa = PBXBuildFile; fileRef = 4A20743C27521A0100D51FAF /* CardBack.swift */; };
		4A20743F2752228D00D51FAF /* FlippingCardView.swift in Sources */ = {isa = PBXBuildFile; fileRef = 4A20743E2752228D00D51FAF /* FlippingCardView.swift */; };
		4A20744327523C4700D51FAF /* QuestionView.swift in Sources */ = {isa = PBXBuildFile; fileRef = 4A20744227523C4700D51FAF /* QuestionView.swift */; };
		4A2074452752B7DF00D51FAF /* ViewModel.swift in Sources */ = {isa = PBXBuildFile; fileRef = 4A2074442752B7DE00D51FAF /* ViewModel.swift */; };
		4A2074492752C62900D51FAF /* ScoreView.swift in Sources */ = {isa = PBXBuildFile; fileRef = 4A2074482752C62900D51FAF /* ScoreView.swift */; };
		4A20744B2752CA7B00D51FAF /* HeaderView.swift in Sources */ = {isa = PBXBuildFile; fileRef = 4A20744A2752CA7B00D51FAF /* HeaderView.swift */; };
		4A20744D2752D71E00D51FAF /* questions.json in Resources */ = {isa = PBXBuildFile; fileRef = 4A20744C2752D71E00D51FAF /* questions.json */; };
		4A5980E1275360E500E95548 /* CreditCardFront.swift in Sources */ = {isa = PBXBuildFile; fileRef = 4A5980E0275360E500E95548 /* CreditCardFront.swift */; };
		4A5980E3275360EC00E95548 /* CreditCardBack.swift in Sources */ = {isa = PBXBuildFile; fileRef = 4A5980E2275360EC00E95548 /* CreditCardBack.swift */; };
/* End PBXBuildFile section */

/* Begin PBXFileReference section */
		4A2074262752060100D51FAF /* Quiz.app */ = {isa = PBXFileReference; explicitFileType = wrapper.application; includeInIndex = 0; path = Quiz.app; sourceTree = BUILT_PRODUCTS_DIR; };
		4A2074292752060100D51FAF /* QuizApp.swift */ = {isa = PBXFileReference; lastKnownFileType = sourcecode.swift; path = QuizApp.swift; sourceTree = "<group>"; };
		4A20742B2752060100D51FAF /* ContentView.swift */ = {isa = PBXFileReference; lastKnownFileType = sourcecode.swift; path = ContentView.swift; sourceTree = "<group>"; };
		4A20742D2752060600D51FAF /* Assets.xcassets */ = {isa = PBXFileReference; lastKnownFileType = folder.assetcatalog; path = Assets.xcassets; sourceTree = "<group>"; };
		4A2074302752060600D51FAF /* Preview Assets.xcassets */ = {isa = PBXFileReference; lastKnownFileType = folder.assetcatalog; path = "Preview Assets.xcassets"; sourceTree = "<group>"; };
		4A2074382752189700D51FAF /* CardView.swift */ = {isa = PBXFileReference; lastKnownFileType = sourcecode.swift; path = CardView.swift; sourceTree = "<group>"; };
		4A20743A275219FA00D51FAF /* CardFront.swift */ = {isa = PBXFileReference; lastKnownFileType = sourcecode.swift; path = CardFront.swift; sourceTree = "<group>"; };
		4A20743C27521A0100D51FAF /* CardBack.swift */ = {isa = PBXFileReference; lastKnownFileType = sourcecode.swift; path = CardBack.swift; sourceTree = "<group>"; };
		4A20743E2752228D00D51FAF /* FlippingCardView.swift */ = {isa = PBXFileReference; lastKnownFileType = sourcecode.swift; path = FlippingCardView.swift; sourceTree = "<group>"; };
		4A20744227523C4700D51FAF /* QuestionView.swift */ = {isa = PBXFileReference; lastKnownFileType = sourcecode.swift; path = QuestionView.swift; sourceTree = "<group>"; };
		4A2074442752B7DE00D51FAF /* ViewModel.swift */ = {isa = PBXFileReference; lastKnownFileType = sourcecode.swift; path = ViewModel.swift; sourceTree = "<group>"; };
		4A2074482752C62900D51FAF /* ScoreView.swift */ = {isa = PBXFileReference; lastKnownFileType = sourcecode.swift; path = ScoreView.swift; sourceTree = "<group>"; };
		4A20744A2752CA7B00D51FAF /* HeaderView.swift */ = {isa = PBXFileReference; lastKnownFileType = sourcecode.swift; path = HeaderView.swift; sourceTree = "<group>"; };
		4A20744C2752D71E00D51FAF /* questions.json */ = {isa = PBXFileReference; lastKnownFileType = text.json; path = questions.json; sourceTree = "<group>"; };
		4A5980E0275360E500E95548 /* CreditCardFront.swift */ = {isa = PBXFileReference; lastKnownFileType = sourcecode.swift; path = CreditCardFront.swift; sourceTree = "<group>"; };
		4A5980E2275360EC00E95548 /* CreditCardBack.swift */ = {isa = PBXFileReference; lastKnownFileType = sourcecode.swift; path = CreditCardBack.swift; sourceTree = "<group>"; };
/* End PBXFileReference section */

/* Begin PBXFrameworksBuildPhase section */
		4A2074232752060100D51FAF /* Frameworks */ = {
			isa = PBXFrameworksBuildPhase;
			buildActionMask = 2147483647;
			files = (
			);
			runOnlyForDeploymentPostprocessing = 0;
		};
/* End PBXFrameworksBuildPhase section */

/* Begin PBXGroup section */
		4A20741D2752060100D51FAF = {
			isa = PBXGroup;
			children = (
				4A2074282752060100D51FAF /* Quiz */,
				4A2074272752060100D51FAF /* Products */,
			);
			sourceTree = "<group>";
		};
		4A2074272752060100D51FAF /* Products */ = {
			isa = PBXGroup;
			children = (
				4A2074262752060100D51FAF /* Quiz.app */,
			);
			name = Products;
			sourceTree = "<group>";
		};
		4A2074282752060100D51FAF /* Quiz */ = {
			isa = PBXGroup;
			children = (
				4A2074292752060100D51FAF /* QuizApp.swift */,
				4A20742B2752060100D51FAF /* ContentView.swift */,
				4A20744A2752CA7B00D51FAF /* HeaderView.swift */,
				4A2074482752C62900D51FAF /* ScoreView.swift */,
				4A20744227523C4700D51FAF /* QuestionView.swift */,
				4A2074442752B7DE00D51FAF /* ViewModel.swift */,
				4A20744C2752D71E00D51FAF /* questions.json */,
				4A2074372752186F00D51FAF /* Business Card */,
				4A20742D2752060600D51FAF /* Assets.xcassets */,
				4A20742F2752060600D51FAF /* Preview Content */,
			);
			path = Quiz;
			sourceTree = "<group>";
		};
		4A20742F2752060600D51FAF /* Preview Content */ = {
			isa = PBXGroup;
			children = (
				4A2074302752060600D51FAF /* Preview Assets.xcassets */,
			);
			path = "Preview Content";
			sourceTree = "<group>";
		};
		4A2074372752186F00D51FAF /* Business Card */ = {
			isa = PBXGroup;
			children = (
				4A20743E2752228D00D51FAF /* FlippingCardView.swift */,
				4A20743A275219FA00D51FAF /* CardFront.swift */,
				4A20743C27521A0100D51FAF /* CardBack.swift */,
				4A2074382752189700D51FAF /* CardView.swift */,
				4A5980E0275360E500E95548 /* CreditCardFront.swift */,
				4A5980E2275360EC00E95548 /* CreditCardBack.swift */,
			);
			path = "Business Card";
			sourceTree = "<group>";
		};
/* End PBXGroup section */

/* Begin PBXNativeTarget section */
		4A2074252752060100D51FAF /* Quiz */ = {
			isa = PBXNativeTarget;
			buildConfigurationList = 4A2074342752060600D51FAF /* Build configuration list for PBXNativeTarget "Quiz" */;
			buildPhases = (
				4A2074222752060100D51FAF /* Sources */,
				4A2074232752060100D51FAF /* Frameworks */,
				4A2074242752060100D51FAF /* Resources */,
			);
			buildRules = (
			);
			dependencies = (
			);
			name = Quiz;
			productName = Quiz;
			productReference = 4A2074262752060100D51FAF /* Quiz.app */;
			productType = "com.apple.product-type.application";
		};
/* End PBXNativeTarget section */

/* Begin PBXProject section */
		4A20741E2752060100D51FAF /* Project object */ = {
			isa = PBXProject;
			attributes = {
				BuildIndependentTargetsInParallel = 1;
				LastSwiftUpdateCheck = 1310;
				LastUpgradeCheck = 1310;
				TargetAttributes = {
					4A2074252752060100D51FAF = {
						CreatedOnToolsVersion = 13.1;
					};
				};
			};
			buildConfigurationList = 4A2074212752060100D51FAF /* Build configuration list for PBXProject "Quiz" */;
			compatibilityVersion = "Xcode 13.0";
			developmentRegion = en;
			hasScannedForEncodings = 0;
			knownRegions = (
				en,
				Base,
			);
			mainGroup = 4A20741D2752060100D51FAF;
			productRefGroup = 4A2074272752060100D51FAF /* Products */;
			projectDirPath = "";
			projectRoot = "";
			targets = (
				4A2074252752060100D51FAF /* Quiz */,
			);
		};
/* End PBXProject section */

/* Begin PBXResourcesBuildPhase section */
		4A2074242752060100D51FAF /* Resources */ = {
			isa = PBXResourcesBuildPhase;
			buildActionMask = 2147483647;
			files = (
				4A20744D2752D71E00D51FAF /* questions.json in Resources */,
				4A2074312752060600D51FAF /* Preview Assets.xcassets in Resources */,
				4A20742E2752060600D51FAF /* Assets.xcassets in Resources */,
			);
			runOnlyForDeploymentPostprocessing = 0;
		};
/* End PBXResourcesBuildPhase section */

/* Begin PBXSourcesBuildPhase section */
		4A2074222752060100D51FAF /* Sources */ = {
			isa = PBXSourcesBuildPhase;
			buildActionMask = 2147483647;
			files = (
				4A20742C2752060100D51FAF /* ContentView.swift in Sources */,
				4A2074452752B7DF00D51FAF /* ViewModel.swift in Sources */,
				4A20744327523C4700D51FAF /* QuestionView.swift in Sources */,
				4A5980E1275360E500E95548 /* CreditCardFront.swift in Sources */,
				4A20743B275219FA00D51FAF /* CardFront.swift in Sources */,
				4A2074392752189700D51FAF /* CardView.swift in Sources */,
				4A20743F2752228D00D51FAF /* FlippingCardView.swift in Sources */,
				4A20744B2752CA7B00D51FAF /* HeaderView.swift in Sources */,
				4A20743D27521A0100D51FAF /* CardBack.swift in Sources */,
				4A5980E3275360EC00E95548 /* CreditCardBack.swift in Sources */,
				4A20742A2752060100D51FAF /* QuizApp.swift in Sources */,
				4A2074492752C62900D51FAF /* ScoreView.swift in Sources */,
			);
			runOnlyForDeploymentPostprocessing = 0;
		};
/* End PBXSourcesBuildPhase section */

/* Begin XCBuildConfiguration section */
		4A2074322752060600D51FAF /* Debug */ = {
			isa = XCBuildConfiguration;
			buildSettings = {
				ALWAYS_SEARCH_USER_PATHS = NO;
				CLANG_ANALYZER_NONNULL = YES;
				CLANG_ANALYZER_NUMBER_OBJECT_CONVERSION = YES_AGGRESSIVE;
				CLANG_CXX_LANGUAGE_STANDARD = "gnu++17";
				CLANG_CXX_LIBRARY = "libc++";
				CLANG_ENABLE_MODULES = YES;
				CLANG_ENABLE_OBJC_ARC = YES;
				CLANG_ENABLE_OBJC_WEAK = YES;
				CLANG_WARN_BLOCK_CAPTURE_AUTORELEASING = YES;
				CLANG_WARN_BOOL_CONVERSION = YES;
				CLANG_WARN_COMMA = YES;
				CLANG_WARN_CONSTANT_CONVERSION = YES;
				CLANG_WARN_DEPRECATED_OBJC_IMPLEMENTATIONS = YES;
				CLANG_WARN_DIRECT_OBJC_ISA_USAGE = YES_ERROR;
				CLANG_WARN_DOCUMENTATION_COMMENTS = YES;
				CLANG_WARN_EMPTY_BODY = YES;
				CLANG_WARN_ENUM_CONVERSION = YES;
				CLANG_WARN_INFINITE_RECURSION = YES;
				CLANG_WARN_INT_CONVERSION = YES;
				CLANG_WARN_NON_LITERAL_NULL_CONVERSION = YES;
				CLANG_WARN_OBJC_IMPLICIT_RETAIN_SELF = YES;
				CLANG_WARN_OBJC_LITERAL_CONVERSION = YES;
				CLANG_WARN_OBJC_ROOT_CLASS = YES_ERROR;
				CLANG_WARN_QUOTED_INCLUDE_IN_FRAMEWORK_HEADER = YES;
				CLANG_WARN_RANGE_LOOP_ANALYSIS = YES;
				CLANG_WARN_STRICT_PROTOTYPES = YES;
				CLANG_WARN_SUSPICIOUS_MOVE = YES;
				CLANG_WARN_UNGUARDED_AVAILABILITY = YES_AGGRESSIVE;
				CLANG_WARN_UNREACHABLE_CODE = YES;
				CLANG_WARN__DUPLICATE_METHOD_MATCH = YES;
				COPY_PHASE_STRIP = NO;
				DEBUG_INFORMATION_FORMAT = dwarf;
				ENABLE_STRICT_OBJC_MSGSEND = YES;
				ENABLE_TESTABILITY = YES;
				GCC_C_LANGUAGE_STANDARD = gnu11;
				GCC_DYNAMIC_NO_PIC = NO;
				GCC_NO_COMMON_BLOCKS = YES;
				GCC_OPTIMIZATION_LEVEL = 0;
				GCC_PREPROCESSOR_DEFINITIONS = (
					"DEBUG=1",
					"$(inherited)",
				);
				GCC_WARN_64_TO_32_BIT_CONVERSION = YES;
				GCC_WARN_ABOUT_RETURN_TYPE = YES_ERROR;
				GCC_WARN_UNDECLARED_SELECTOR = YES;
				GCC_WARN_UNINITIALIZED_AUTOS = YES_AGGRESSIVE;
				GCC_WARN_UNUSED_FUNCTION = YES;
				GCC_WARN_UNUSED_VARIABLE = YES;
				IPHONEOS_DEPLOYMENT_TARGET = 15.0;
				MTL_ENABLE_DEBUG_INFO = INCLUDE_SOURCE;
				MTL_FAST_MATH = YES;
				ONLY_ACTIVE_ARCH = YES;
				SDKROOT = iphoneos;
				SWIFT_ACTIVE_COMPILATION_CONDITIONS = DEBUG;
				SWIFT_OPTIMIZATION_LEVEL = "-Onone";
			};
			name = Debug;
		};
		4A2074332752060600D51FAF /* Release */ = {
			isa = XCBuildConfiguration;
			buildSettings = {
				ALWAYS_SEARCH_USER_PATHS = NO;
				CLANG_ANALYZER_NONNULL = YES;
				CLANG_ANALYZER_NUMBER_OBJECT_CONVERSION = YES_AGGRESSIVE;
				CLANG_CXX_LANGUAGE_STANDARD = "gnu++17";
				CLANG_CXX_LIBRARY = "libc++";
				CLANG_ENABLE_MODULES = YES;
				CLANG_ENABLE_OBJC_ARC = YES;
				CLANG_ENABLE_OBJC_WEAK = YES;
				CLANG_WARN_BLOCK_CAPTURE_AUTORELEASING = YES;
				CLANG_WARN_BOOL_CONVERSION = YES;
				CLANG_WARN_COMMA = YES;
				CLANG_WARN_CONSTANT_CONVERSION = YES;
				CLANG_WARN_DEPRECATED_OBJC_IMPLEMENTATIONS = YES;
				CLANG_WARN_DIRECT_OBJC_ISA_USAGE = YES_ERROR;
				CLANG_WARN_DOCUMENTATION_COMMENTS = YES;
				CLANG_WARN_EMPTY_BODY = YES;
				CLANG_WARN_ENUM_CONVERSION = YES;
				CLANG_WARN_INFINITE_RECURSION = YES;
				CLANG_WARN_INT_CONVERSION = YES;
				CLANG_WARN_NON_LITERAL_NULL_CONVERSION = YES;
				CLANG_WARN_OBJC_IMPLICIT_RETAIN_SELF = YES;
				CLANG_WARN_OBJC_LITERAL_CONVERSION = YES;
				CLANG_WARN_OBJC_ROOT_CLASS = YES_ERROR;
				CLANG_WARN_QUOTED_INCLUDE_IN_FRAMEWORK_HEADER = YES;
				CLANG_WARN_RANGE_LOOP_ANALYSIS = YES;
				CLANG_WARN_STRICT_PROTOTYPES = YES;
				CLANG_WARN_SUSPICIOUS_MOVE = YES;
				CLANG_WARN_UNGUARDED_AVAILABILITY = YES_AGGRESSIVE;
				CLANG_WARN_UNREACHABLE_CODE = YES;
				CLANG_WARN__DUPLICATE_METHOD_MATCH = YES;
				COPY_PHASE_STRIP = NO;
				DEBUG_INFORMATION_FORMAT = "dwarf-with-dsym";
				ENABLE_NS_ASSERTIONS = NO;
				ENABLE_STRICT_OBJC_MSGSEND = YES;
				GCC_C_LANGUAGE_STANDARD = gnu11;
				GCC_NO_COMMON_BLOCKS = YES;
				GCC_WARN_64_TO_32_BIT_CONVERSION = YES;
				GCC_WARN_ABOUT_RETURN_TYPE = YES_ERROR;
				GCC_WARN_UNDECLARED_SELECTOR = YES;
				GCC_WARN_UNINITIALIZED_AUTOS = YES_AGGRESSIVE;
				GCC_WARN_UNUSED_FUNCTION = YES;
				GCC_WARN_UNUSED_VARIABLE = YES;
				IPHONEOS_DEPLOYMENT_TARGET = 15.0;
				MTL_ENABLE_DEBUG_INFO = NO;
				MTL_FAST_MATH = YES;
				SDKROOT = iphoneos;
				SWIFT_COMPILATION_MODE = wholemodule;
				SWIFT_OPTIMIZATION_LEVEL = "-O";
				VALIDATE_PRODUCT = YES;
			};
			name = Release;
		};
		4A2074352752060600D51FAF /* Debug */ = {
			isa = XCBuildConfiguration;
			buildSettings = {
				ASSETCATALOG_COMPILER_APPICON_NAME = AppIcon;
				ASSETCATALOG_COMPILER_GLOBAL_ACCENT_COLOR_NAME = AccentColor;
				CODE_SIGN_STYLE = Automatic;
				CURRENT_PROJECT_VERSION = 1;
				DEVELOPMENT_ASSET_PATHS = "\"Quiz/Preview Content\"";
				ENABLE_PREVIEWS = YES;
				GENERATE_INFOPLIST_FILE = YES;
				INFOPLIST_KEY_UIApplicationSceneManifest_Generation = YES;
				INFOPLIST_KEY_UIApplicationSupportsIndirectInputEvents = YES;
				INFOPLIST_KEY_UILaunchScreen_Generation = YES;
				INFOPLIST_KEY_UISupportedInterfaceOrientations_iPad = "UIInterfaceOrientationPortrait UIInterfaceOrientationPortraitUpsideDown UIInterfaceOrientationLandscapeLeft UIInterfaceOrientationLandscapeRight";
				INFOPLIST_KEY_UISupportedInterfaceOrientations_iPhone = "UIInterfaceOrientationPortrait UIInterfaceOrientationLandscapeLeft UIInterfaceOrientationLandscapeRight";
				LD_RUNPATH_SEARCH_PATHS = (
					"$(inherited)",
					"@executable_path/Frameworks",
				);
				MARKETING_VERSION = 1.0;
				PRODUCT_BUNDLE_IDENTIFIER = Cicimaya.Quiz;
				PRODUCT_NAME = "$(TARGET_NAME)";
				SWIFT_EMIT_LOC_STRINGS = YES;
				SWIFT_VERSION = 5.0;
				TARGETED_DEVICE_FAMILY = "1,2";
			};
			name = Debug;
		};
		4A2074362752060600D51FAF /* Release */ = {
			isa = XCBuildConfiguration;
			buildSettings = {
				ASSETCATALOG_COMPILER_APPICON_NAME = AppIcon;
				ASSETCATALOG_COMPILER_GLOBAL_ACCENT_COLOR_NAME = AccentColor;
				CODE_SIGN_STYLE = Automatic;
				CURRENT_PROJECT_VERSION = 1;
				DEVELOPMENT_ASSET_PATHS = "\"Quiz/Preview Content\"";
				ENABLE_PREVIEWS = YES;
				GENERATE_INFOPLIST_FILE = YES;
				INFOPLIST_KEY_UIApplicationSceneManifest_Generation = YES;
				INFOPLIST_KEY_UIApplicationSupportsIndirectInputEvents = YES;
				INFOPLIST_KEY_UILaunchScreen_Generation = YES;
				INFOPLIST_KEY_UISupportedInterfaceOrientations_iPad = "UIInterfaceOrientationPortrait UIInterfaceOrientationPortraitUpsideDown UIInterfaceOrientationLandscapeLeft UIInterfaceOrientationLandscapeRight";
				INFOPLIST_KEY_UISupportedInterfaceOrientations_iPhone = "UIInterfaceOrientationPortrait UIInterfaceOrientationLandscapeLeft UIInterfaceOrientationLandscapeRight";
				LD_RUNPATH_SEARCH_PATHS = (
					"$(inherited)",
					"@executable_path/Frameworks",
				);
				MARKETING_VERSION = 1.0;
				PRODUCT_BUNDLE_IDENTIFIER = Cicimaya.Quiz;
				PRODUCT_NAME = "$(TARGET_NAME)";
				SWIFT_EMIT_LOC_STRINGS = YES;
				SWIFT_VERSION = 5.0;
				TARGETED_DEVICE_FAMILY = "1,2";
			};
			name = Release;
		};
/* End XCBuildConfiguration section */

/* Begin XCConfigurationList section */
		4A2074212752060100D51FAF /* Build configuration list for PBXProject "Quiz" */ = {
			isa = XCConfigurationList;
			buildConfigurations = (
				4A2074322752060600D51FAF /* Debug */,
				4A2074332752060600D51FAF /* Release */,
			);
			defaultConfigurationIsVisible = 0;
			defaultConfigurationName = Release;
		};
		4A2074342752060600D51FAF /* Build configuration list for PBXNativeTarget "Quiz" */ = {
			isa = XCConfigurationList;
			buildConfigurations = (
				4A2074352752060600D51FAF /* Debug */,
				4A2074362752060600D51FAF /* Release */,
			);
			defaultConfigurationIsVisible = 0;
			defaultConfigurationName = Release;
		};
/* End XCConfigurationList section */
	};
	rootObject = 4A20741E2752060100D51FAF /* Project object */;
}
